// !$*UTF8*$!
{
	archiveVersion = 1;
	classes = {
	};
	objectVersion = 46;
	objects = {

/* Begin PBXBuildFile section */
		9C2BA1DC188FB33500092C7F /* Foundation.framework in Frameworks */ = {isa = PBXBuildFile; fileRef = 9C2BA1DB188FB33500092C7F /* Foundation.framework */; };
		9C2BA1E7188FB33500092C7F /* AppSync.mm in Sources */ = {isa = PBXBuildFile; fileRef = 9C2BA1E6188FB33500092C7F /* AppSync.mm */; };
		9C2BA1F2188FB36400092C7F /* libsubstrate.dylib in Frameworks */ = {isa = PBXBuildFile; fileRef = 9C2BA1F1188FB36400092C7F /* libsubstrate.dylib */; };
/* End PBXBuildFile section */

/* Begin PBXFileReference section */
		9C2BA1D8188FB33500092C7F /* AppSync.dylib */ = {isa = PBXFileReference; explicitFileType = "compiled.mach-o.dylib"; includeInIndex = 0; path = AppSync.dylib; sourceTree = BUILT_PRODUCTS_DIR; };
		9C2BA1DB188FB33500092C7F /* Foundation.framework */ = {isa = PBXFileReference; lastKnownFileType = wrapper.framework; name = Foundation.framework; path = System/Library/Frameworks/Foundation.framework; sourceTree = SDKROOT; };
		9C2BA1E1188FB33500092C7F /* control */ = {isa = PBXFileReference; lastKnownFileType = text; name = control; path = Package/DEBIAN/control; sourceTree = "<group>"; };
		9C2BA1E3188FB33500092C7F /* PackageVersion.plist */ = {isa = PBXFileReference; lastKnownFileType = text.plist.xml; path = PackageVersion.plist; sourceTree = "<group>"; };
		9C2BA1E4188FB33500092C7F /* AppSync-Prefix.pch */ = {isa = PBXFileReference; lastKnownFileType = sourcecode.c.h; path = "AppSync-Prefix.pch"; sourceTree = "<group>"; };
		9C2BA1E5188FB33500092C7F /* AppSync.xm */ = {isa = PBXFileReference; lastKnownFileType = sourcecode.cpp.objcpp; path = AppSync.xm; sourceTree = "<group>"; xcLanguageSpecificationIdentifier = xcode.lang.objcpp; };
		9C2BA1E6188FB33500092C7F /* AppSync.mm */ = {isa = PBXFileReference; lastKnownFileType = sourcecode.cpp.objcpp; path = AppSync.mm; sourceTree = "<group>"; };
		9C2BA1EB188FB33500092C7F /* AppSync.plist */ = {isa = PBXFileReference; lastKnownFileType = text.plist.xml; name = AppSync.plist; path = Package/Library/MobileSubstrate/DynamicLibraries/AppSync.plist; sourceTree = "<group>"; };
		9C2BA1F1188FB36400092C7F /* libsubstrate.dylib */ = {isa = PBXFileReference; lastKnownFileType = "compiled.mach-o.dylib"; name = libsubstrate.dylib; path = ../../../../opt/iOSOpenDev/lib/libsubstrate.dylib; sourceTree = "<group>"; };
/* End PBXFileReference section */

/* Begin PBXFrameworksBuildPhase section */
		9C2BA1D4188FB33500092C7F /* Frameworks */ = {
			isa = PBXFrameworksBuildPhase;
			buildActionMask = 2147483647;
			files = (
				9C2BA1F2188FB36400092C7F /* libsubstrate.dylib in Frameworks */,
				9C2BA1DC188FB33500092C7F /* Foundation.framework in Frameworks */,
			);
			runOnlyForDeploymentPostprocessing = 0;
		};
/* End PBXFrameworksBuildPhase section */

/* Begin PBXGroup section */
		9C2BA1CD188FB33400092C7F = {
			isa = PBXGroup;
			children = (
				9C2BA1DD188FB33500092C7F /* AppSync */,
				9C2BA1DA188FB33500092C7F /* Frameworks */,
				9C2BA1D9188FB33500092C7F /* Products */,
			);
			sourceTree = "<group>";
		};
		9C2BA1D9188FB33500092C7F /* Products */ = {
			isa = PBXGroup;
			children = (
				9C2BA1D8188FB33500092C7F /* AppSync.dylib */,
			);
			name = Products;
			sourceTree = "<group>";
		};
		9C2BA1DA188FB33500092C7F /* Frameworks */ = {
			isa = PBXGroup;
			children = (
				9C2BA1F1188FB36400092C7F /* libsubstrate.dylib */,
				9C2BA1DB188FB33500092C7F /* Foundation.framework */,
			);
			name = Frameworks;
			sourceTree = "<group>";
		};
		9C2BA1DD188FB33500092C7F /* AppSync */ = {
			isa = PBXGroup;
			children = (
				9C2BA1E5188FB33500092C7F /* AppSync.xm */,
				9C2BA1E6188FB33500092C7F /* AppSync.mm */,
				9C2BA1DE188FB33500092C7F /* Package */,
				9C2BA1E2188FB33500092C7F /* Supporting Files */,
			);
			path = AppSync;
			sourceTree = "<group>";
		};
		9C2BA1DE188FB33500092C7F /* Package */ = {
			isa = PBXGroup;
			children = (
				9C2BA1DF188FB33500092C7F /* DEBIAN */,
				9C2BA1E8188FB33500092C7F /* Library */,
			);
			name = Package;
			sourceTree = "<group>";
		};
		9C2BA1DF188FB33500092C7F /* DEBIAN */ = {
			isa = PBXGroup;
			children = (
				9C2BA1E1188FB33500092C7F /* control */,
			);
			name = DEBIAN;
			sourceTree = "<group>";
		};
		9C2BA1E2188FB33500092C7F /* Supporting Files */ = {
			isa = PBXGroup;
			children = (
				9C2BA1E3188FB33500092C7F /* PackageVersion.plist */,
				9C2BA1E4188FB33500092C7F /* AppSync-Prefix.pch */,
			);
			name = "Supporting Files";
			sourceTree = "<group>";
		};
		9C2BA1E8188FB33500092C7F /* Library */ = {
			isa = PBXGroup;
			children = (
				9C2BA1E9188FB33500092C7F /* MobileSubstrate */,
			);
			name = Library;
			sourceTree = "<group>";
		};
		9C2BA1E9188FB33500092C7F /* MobileSubstrate */ = {
			isa = PBXGroup;
			children = (
				9C2BA1EA188FB33500092C7F /* DynamicLibraries */,
			);
			name = MobileSubstrate;
			sourceTree = "<group>";
		};
		9C2BA1EA188FB33500092C7F /* DynamicLibraries */ = {
			isa = PBXGroup;
			children = (
				9C2BA1EB188FB33500092C7F /* AppSync.plist */,
			);
			name = DynamicLibraries;
			sourceTree = "<group>";
		};
/* End PBXGroup section */

/* Begin PBXHeadersBuildPhase section */
		9C2BA1D5188FB33500092C7F /* Headers */ = {
			isa = PBXHeadersBuildPhase;
			buildActionMask = 2147483647;
			files = (
			);
			runOnlyForDeploymentPostprocessing = 0;
		};
/* End PBXHeadersBuildPhase section */

/* Begin PBXNativeTarget section */
		9C2BA1D7188FB33500092C7F /* AppSync */ = {
			isa = PBXNativeTarget;
			buildConfigurationList = 9C2BA1EE188FB33500092C7F /* Build configuration list for PBXNativeTarget "AppSync" */;
			buildPhases = (
				9C2BA1D2188FB33500092C7F /* ShellScript */,
				9C2BA1D3188FB33500092C7F /* Sources */,
				9C2BA1D4188FB33500092C7F /* Frameworks */,
				9C2BA1D5188FB33500092C7F /* Headers */,
				9C2BA1D6188FB33500092C7F /* ShellScript */,
			);
			buildRules = (
			);
			dependencies = (
			);
			name = AppSync;
			productName = AppSync;
			productReference = 9C2BA1D8188FB33500092C7F /* AppSync.dylib */;
			productType = "com.apple.product-type.library.dynamic";
		};
/* End PBXNativeTarget section */

/* Begin PBXProject section */
		9C2BA1CE188FB33500092C7F /* Project object */ = {
			isa = PBXProject;
			attributes = {
				LastUpgradeCheck = 0500;
			};
			buildConfigurationList = 9C2BA1D1188FB33500092C7F /* Build configuration list for PBXProject "AppSync" */;
			compatibilityVersion = "Xcode 3.2";
			developmentRegion = English;
			hasScannedForEncodings = 0;
			knownRegions = (
				en,
			);
			mainGroup = 9C2BA1CD188FB33400092C7F;
			productRefGroup = 9C2BA1D9188FB33500092C7F /* Products */;
			projectDirPath = "";
			projectRoot = "";
			targets = (
				9C2BA1D7188FB33500092C7F /* AppSync */,
			);
		};
/* End PBXProject section */

/* Begin PBXShellScriptBuildPhase section */
		9C2BA1D2188FB33500092C7F /* ShellScript */ = {
			isa = PBXShellScriptBuildPhase;
			buildActionMask = 2147483647;
			files = (
			);
			inputPaths = (
			);
			outputPaths = (
			);
			runOnlyForDeploymentPostprocessing = 0;
			shellPath = /bin/sh;
			shellScript = "/opt/iOSOpenDev/bin/iosod --xcbp-logos";
		};
		9C2BA1D6188FB33500092C7F /* ShellScript */ = {
			isa = PBXShellScriptBuildPhase;
			buildActionMask = 2147483647;
			files = (
			);
			inputPaths = (
			);
			outputPaths = (
			);
			runOnlyForDeploymentPostprocessing = 0;
			shellPath = /bin/sh;
			shellScript = "/opt/iOSOpenDev/bin/iosod --xcbp";
		};
/* End PBXShellScriptBuildPhase section */

/* Begin PBXSourcesBuildPhase section */
		9C2BA1D3188FB33500092C7F /* Sources */ = {
			isa = PBXSourcesBuildPhase;
			buildActionMask = 2147483647;
			files = (
				9C2BA1E7188FB33500092C7F /* AppSync.mm in Sources */,
			);
			runOnlyForDeploymentPostprocessing = 0;
		};
/* End PBXSourcesBuildPhase section */

/* Begin XCBuildConfiguration section */
		9C2BA1EC188FB33500092C7F /* Debug */ = {
			isa = XCBuildConfiguration;
			buildSettings = {
				ARCHS = "$(ARCHS_STANDARD_INCLUDING_64_BIT)";
				CLANG_ENABLE_MODULES = YES;
				COPY_PHASE_STRIP = NO;
				EXCLUDED_RECURSIVE_SEARCH_PATH_SUBDIRECTORIES = "*.nib *.lproj *.gch (*) .DS_Store CVS .svn .git .hg *.xcodeproj *.xcode *.pbproj *.pbxproj";
				FRAMEWORK_SEARCH_PATHS = (
					"$(iOSOpenDevPath)/frameworks/**",
					"$(SDKROOT)/System/Library/PrivateFrameworks",
				);
				GCC_C_LANGUAGE_STANDARD = gnu99;
				GCC_DYNAMIC_NO_PIC = NO;
				GCC_OPTIMIZATION_LEVEL = 0;
				GCC_PREPROCESSOR_DEFINITIONS = (
					"DEBUG=1",
					"$(inherited)",
				);
				GCC_SYMBOLS_PRIVATE_EXTERN = NO;
				GCC_WARN_ABOUT_MISSING_PROTOTYPES = YES;
				GCC_WARN_ABOUT_RETURN_TYPE = YES;
				GCC_WARN_UNUSED_VARIABLE = YES;
				HEADER_SEARCH_PATHS = "$(iOSOpenDevPath)/include/**";
				IPHONEOS_DEPLOYMENT_TARGET = 7.0;
				LIBRARY_SEARCH_PATHS = "$(iOSOpenDevPath)/lib/**";
				ONLY_ACTIVE_ARCH = YES;
				SDKROOT = iphoneos;
				TARGETED_DEVICE_FAMILY = "1,2";
				VALIDATE_PRODUCT = NO;
				iOSOpenDevPath = /opt/iOSOpenDev;
			};
			name = Debug;
		};
		9C2BA1ED188FB33500092C7F /* Release */ = {
			isa = XCBuildConfiguration;
			buildSettings = {
				ARCHS = "$(ARCHS_STANDARD_INCLUDING_64_BIT)";
				CLANG_ENABLE_MODULES = YES;
				COPY_PHASE_STRIP = YES;
				EXCLUDED_RECURSIVE_SEARCH_PATH_SUBDIRECTORIES = "*.nib *.lproj *.gch (*) .DS_Store CVS .svn .git .hg *.xcodeproj *.xcode *.pbproj *.pbxproj";
				FRAMEWORK_SEARCH_PATHS = (
					"$(iOSOpenDevPath)/frameworks/**",
					"$(SDKROOT)/System/Library/PrivateFrameworks",
				);
				GCC_C_LANGUAGE_STANDARD = gnu99;
				GCC_WARN_ABOUT_MISSING_PROTOTYPES = YES;
				GCC_WARN_ABOUT_RETURN_TYPE = YES;
				GCC_WARN_UNUSED_VARIABLE = YES;
				HEADER_SEARCH_PATHS = "$(iOSOpenDevPath)/include/**";
				IPHONEOS_DEPLOYMENT_TARGET = 7.0;
				LIBRARY_SEARCH_PATHS = "$(iOSOpenDevPath)/lib/**";
				SDKROOT = iphoneos;
				TARGETED_DEVICE_FAMILY = "1,2";
				VALIDATE_PRODUCT = YES;
				iOSOpenDevPath = /opt/iOSOpenDev;
			};
			name = Release;
		};
		9C2BA1EF188FB33500092C7F /* Debug */ = {
			isa = XCBuildConfiguration;
			buildSettings = {
				CODE_SIGN_IDENTITY = "";
				DYLIB_COMPATIBILITY_VERSION = 1;
				DYLIB_CURRENT_VERSION = 1;
				GCC_PRECOMPILE_PREFIX_HEADER = YES;
				GCC_PREFIX_HEADER = "AppSync/AppSync-Prefix.pch";
				INSTALL_PATH = /Library/MobileSubstrate/DynamicLibraries;
				LIBRARY_SEARCH_PATHS = (
					"$(inherited)",
					/opt/iOSOpenDev/lib,
				);
				PRODUCT_NAME = "$(TARGET_NAME)";
				iOSOpenDevBuildPackageOnAnyBuild = NO;
				iOSOpenDevCopyOnBuild = NO;
				iOSOpenDevDevice = "";
				iOSOpenDevInstallOnAnyBuild = NO;
				iOSOpenDevInstallOnProfiling = YES;
				iOSOpenDevRespringOnInstall = YES;
				iOSOpenDevUsePackageVersionPList = YES;
			};
			name = Debug;
		};
		9C2BA1F0188FB33500092C7F /* Release */ = {
			isa = XCBuildConfiguration;
			buildSettings = {
				CODE_SIGN_IDENTITY = "";
				DYLIB_COMPATIBILITY_VERSION = 1;
				DYLIB_CURRENT_VERSION = 1;
				GCC_PRECOMPILE_PREFIX_HEADER = YES;
				GCC_PREFIX_HEADER = "AppSync/AppSync-Prefix.pch";
				INSTALL_PATH = /Library/MobileSubstrate/DynamicLibraries;
				LIBRARY_SEARCH_PATHS = (
					"$(inherited)",
					/opt/iOSOpenDev/lib,
				);
				PRODUCT_NAME = "$(TARGET_NAME)";
				iOSOpenDevBuildPackageOnAnyBuild = NO;
				iOSOpenDevCopyOnBuild = NO;
				iOSOpenDevDevice = "";
				iOSOpenDevInstallOnAnyBuild = NO;
				iOSOpenDevInstallOnProfiling = YES;
				iOSOpenDevRespringOnInstall = YES;
				iOSOpenDevUsePackageVersionPList = YES;
			};
			name = Release;
		};
/* End XCBuildConfiguration section */

/* Begin XCConfigurationList section */
		9C2BA1D1188FB33500092C7F /* Build configuration list for PBXProject "AppSync" */ = {
			isa = XCConfigurationList;
			buildConfigurations = (
				9C2BA1EC188FB33500092C7F /* Debug */,
				9C2BA1ED188FB33500092C7F /* Release */,
			);
			defaultConfigurationIsVisible = 0;
			defaultConfigurationName = Release;
		};
		9C2BA1EE188FB33500092C7F /* Build configuration list for PBXNativeTarget "AppSync" */ = {
			isa = XCConfigurationList;
			buildConfigurations = (
				9C2BA1EF188FB33500092C7F /* Debug */,
				9C2BA1F0188FB33500092C7F /* Release */,
			);
			defaultConfigurationIsVisible = 0;
		};
/* End XCConfigurationList section */
	};
	rootObject = 9C2BA1CE188FB33500092C7F /* Project object */;
}
